
Microsoft Visual Studio Solution File, Format Version 12.00
# Visual Studio Version 17
VisualStudioVersion = 17.8.34408.163
MinimumVisualStudioVersion = 10.0.40219.1
Project("{FAE04EC0-301F-11D3-BF4B-00C04F79EFBC}") = "SERVER_ESCOLAR", "SERVER_ESCOLAR\SERVER_ESCOLAR.csproj", "{D8C77F95-0D96-4F6B-B4D3-9FA029BB2BAA}"
EndProject
Global
	GlobalSection(SolutionConfigurationPlatforms) = preSolution
		Debug|Any CPU = Debug|Any CPU
		Release|Any CPU = Release|Any CPU
	EndGlobalSection
	GlobalSection(ProjectConfigurationPlatforms) = postSolution
		{D8C77F95-0D96-4F6B-B4D3-9FA029BB2BAA}.Debug|Any CPU.ActiveCfg = Debug|Any CPU
		{D8C77F95-0D96-4F6B-B4D3-9FA029BB2BAA}.Debug|Any CPU.Build.0 = Debug|Any CPU
		{D8C77F95-0D96-4F6B-B4D3-9FA029BB2BAA}.Release|Any CPU.ActiveCfg = Release|Any CPU
		{D8C77F95-0D96-4F6B-B4D3-9FA029BB2BAA}.Release|Any CPU.Build.0 = Release|Any CPU
	EndGlobalSection
	GlobalSection(SolutionProperties) = preSolution
		HideSolutionNode = FALSE
	EndGlobalSection
	GlobalSection(ExtensibilityGlobals) = postSolution
		SolutionGuid = {D268AE76-536E-4A43-AACC-A8B6E7DDEA3D}
	EndGlobalSection
EndGlobal
